// !$*UTF8*$!
{
	archiveVersion = 1;
	classes = {
	};
	objectVersion = 46;
	objects = {

/* Begin PBXBuildFile section */
		1D0E39C21E3683FB00B8C436 /* main.m in Sources */ = {isa = PBXBuildFile; fileRef = 1D0E39C11E3683FB00B8C436 /* main.m */; };
		1D0E39C51E3683FB00B8C436 /* AppDelegate.m in Sources */ = {isa = PBXBuildFile; fileRef = 1D0E39C41E3683FB00B8C436 /* AppDelegate.m */; };
		1D0E39C81E3683FB00B8C436 /* ViewController.m in Sources */ = {isa = PBXBuildFile; fileRef = 1D0E39C71E3683FB00B8C436 /* ViewController.m */; };
		1D0E39CB1E3683FB00B8C436 /* Main.storyboard in Resources */ = {isa = PBXBuildFile; fileRef = 1D0E39C91E3683FB00B8C436 /* Main.storyboard */; };
		1D0E39CD1E3683FB00B8C436 /* Assets.xcassets in Resources */ = {isa = PBXBuildFile; fileRef = 1D0E39CC1E3683FB00B8C436 /* Assets.xcassets */; };
		1D0E39D01E3683FB00B8C436 /* LaunchScreen.storyboard in Resources */ = {isa = PBXBuildFile; fileRef = 1D0E39CE1E3683FB00B8C436 /* LaunchScreen.storyboard */; };
		1D0E39D91E3690C200B8C436 /* MovieCell.m in Sources */ = {isa = PBXBuildFile; fileRef = 1D0E39D81E3690C200B8C436 /* MovieCell.m */; };
		1D0E39DB1E36978000B8C436 /* dachshund.jpg in Resources */ = {isa = PBXBuildFile; fileRef = 1D0E39DA1E36978000B8C436 /* dachshund.jpg */; };
		1D0E39DE1E36AF1F00B8C436 /* MovieModel.m in Sources */ = {isa = PBXBuildFile; fileRef = 1D0E39DD1E36AF1F00B8C436 /* MovieModel.m */; };
		1D60EF4E1E37FA6A006A6C75 /* DetailViewController.m in Sources */ = {isa = PBXBuildFile; fileRef = 1D60EF4D1E37FA6A006A6C75 /* DetailViewController.m */; };
		1D60EF7A1E3A87DF006A6C75 /* MoviePosterCollViewCell.m in Sources */ = {isa = PBXBuildFile; fileRef = 1D60EF791E3A87DF006A6C75 /* MoviePosterCollViewCell.m */; };
		1D60EF811E3AE886006A6C75 /* List-48.png in Resources */ = {isa = PBXBuildFile; fileRef = 1D60EF7D1E3AE886006A6C75 /* List-48.png */; };
		1D60EF821E3AE886006A6C75 /* Grid-48.png in Resources */ = {isa = PBXBuildFile; fileRef = 1D60EF7E1E3AE886006A6C75 /* Grid-48.png */; };
		1D60EF851E3AECF9006A6C75 /* Like Filled-30.png in Resources */ = {isa = PBXBuildFile; fileRef = 1D60EF831E3AECF9006A6C75 /* Like Filled-30.png */; };
		1D60EF861E3AECF9006A6C75 /* Movie Projector-30.png in Resources */ = {isa = PBXBuildFile; fileRef = 1D60EF841E3AECF9006A6C75 /* Movie Projector-30.png */; };
		1D60EF8A1E3BF5E3006A6C75 /* Like Filled-10.png in Resources */ = {isa = PBXBuildFile; fileRef = 1D60EF891E3BF5E3006A6C75 /* Like Filled-10.png */; };
		2F00A4FBEDA2CED0EFF96EA0 /* libPods-Flicks.a in Frameworks */ = {isa = PBXBuildFile; fileRef = 4C201B3C34DE245F2E1E8003 /* libPods-Flicks.a */; };
/* End PBXBuildFile section */

/* Begin PBXFileReference section */
		1D0E39BD1E3683FB00B8C436 /* Flicks.app */ = {isa = PBXFileReference; explicitFileType = wrapper.application; includeInIndex = 0; path = Flicks.app; sourceTree = BUILT_PRODUCTS_DIR; };
		1D0E39C11E3683FB00B8C436 /* main.m */ = {isa = PBXFileReference; lastKnownFileType = sourcecode.c.objc; path = main.m; sourceTree = "<group>"; };
		1D0E39C31E3683FB00B8C436 /* AppDelegate.h */ = {isa = PBXFileReference; lastKnownFileType = sourcecode.c.h; path = AppDelegate.h; sourceTree = "<group>"; };
		1D0E39C41E3683FB00B8C436 /* AppDelegate.m */ = {isa = PBXFileReference; lastKnownFileType = sourcecode.c.objc; path = AppDelegate.m; sourceTree = "<group>"; };
		1D0E39C61E3683FB00B8C436 /* ViewController.h */ = {isa = PBXFileReference; lastKnownFileType = sourcecode.c.h; path = ViewController.h; sourceTree = "<group>"; };
		1D0E39C71E3683FB00B8C436 /* ViewController.m */ = {isa = PBXFileReference; lastKnownFileType = sourcecode.c.objc; path = ViewController.m; sourceTree = "<group>"; };
		1D0E39CA1E3683FB00B8C436 /* Base */ = {isa = PBXFileReference; lastKnownFileType = file.storyboard; name = Base; path = Base.lproj/Main.storyboard; sourceTree = "<group>"; };
		1D0E39CC1E3683FB00B8C436 /* Assets.xcassets */ = {isa = PBXFileReference; lastKnownFileType = folder.assetcatalog; path = Assets.xcassets; sourceTree = "<group>"; };
		1D0E39CF1E3683FB00B8C436 /* Base */ = {isa = PBXFileReference; lastKnownFileType = file.storyboard; name = Base; path = Base.lproj/LaunchScreen.storyboard; sourceTree = "<group>"; };
		1D0E39D11E3683FB00B8C436 /* Info.plist */ = {isa = PBXFileReference; lastKnownFileType = text.plist.xml; path = Info.plist; sourceTree = "<group>"; };
		1D0E39D71E3690C200B8C436 /* MovieCell.h */ = {isa = PBXFileReference; fileEncoding = 4; lastKnownFileType = sourcecode.c.h; path = MovieCell.h; sourceTree = "<group>"; };
		1D0E39D81E3690C200B8C436 /* MovieCell.m */ = {isa = PBXFileReference; fileEncoding = 4; lastKnownFileType = sourcecode.c.objc; path = MovieCell.m; sourceTree = "<group>"; };
		1D0E39DA1E36978000B8C436 /* dachshund.jpg */ = {isa = PBXFileReference; lastKnownFileType = image.jpeg; path = dachshund.jpg; sourceTree = "<group>"; };
		1D0E39DC1E36AF1F00B8C436 /* MovieModel.h */ = {isa = PBXFileReference; fileEncoding = 4; lastKnownFileType = sourcecode.c.h; path = MovieModel.h; sourceTree = "<group>"; };
		1D0E39DD1E36AF1F00B8C436 /* MovieModel.m */ = {isa = PBXFileReference; fileEncoding = 4; lastKnownFileType = sourcecode.c.objc; path = MovieModel.m; sourceTree = "<group>"; };
		1D60EF4C1E37FA6A006A6C75 /* DetailViewController.h */ = {isa = PBXFileReference; fileEncoding = 4; lastKnownFileType = sourcecode.c.h; path = DetailViewController.h; sourceTree = "<group>"; };
		1D60EF4D1E37FA6A006A6C75 /* DetailViewController.m */ = {isa = PBXFileReference; fileEncoding = 4; lastKnownFileType = sourcecode.c.objc; path = DetailViewController.m; sourceTree = "<group>"; };
		1D60EF781E3A87DF006A6C75 /* MoviePosterCollViewCell.h */ = {isa = PBXFileReference; fileEncoding = 4; lastKnownFileType = sourcecode.c.h; path = MoviePosterCollViewCell.h; sourceTree = "<group>"; };
		1D60EF791E3A87DF006A6C75 /* MoviePosterCollViewCell.m */ = {isa = PBXFileReference; fileEncoding = 4; lastKnownFileType = sourcecode.c.objc; path = MoviePosterCollViewCell.m; sourceTree = "<group>"; };
		1D60EF7D1E3AE886006A6C75 /* List-48.png */ = {isa = PBXFileReference; lastKnownFileType = image.png; path = "List-48.png"; sourceTree = "<group>"; };
		1D60EF7E1E3AE886006A6C75 /* Grid-48.png */ = {isa = PBXFileReference; lastKnownFileType = image.png; path = "Grid-48.png"; sourceTree = "<group>"; };
		1D60EF831E3AECF9006A6C75 /* Like Filled-30.png */ = {isa = PBXFileReference; lastKnownFileType = image.png; path = "Like Filled-30.png"; sourceTree = "<group>"; };
		1D60EF841E3AECF9006A6C75 /* Movie Projector-30.png */ = {isa = PBXFileReference; lastKnownFileType = image.png; path = "Movie Projector-30.png"; sourceTree = "<group>"; };
		1D60EF891E3BF5E3006A6C75 /* Like Filled-10.png */ = {isa = PBXFileReference; lastKnownFileType = image.png; path = "Like Filled-10.png"; sourceTree = "<group>"; };
		2452EC45B8C446DF6B98796F /* Pods-Flicks.debug.xcconfig */ = {isa = PBXFileReference; includeInIndex = 1; lastKnownFileType = text.xcconfig; name = "Pods-Flicks.debug.xcconfig"; path = "Pods/Target Support Files/Pods-Flicks/Pods-Flicks.debug.xcconfig"; sourceTree = "<group>"; };
		4C201B3C34DE245F2E1E8003 /* libPods-Flicks.a */ = {isa = PBXFileReference; explicitFileType = archive.ar; includeInIndex = 0; path = "libPods-Flicks.a"; sourceTree = BUILT_PRODUCTS_DIR; };
		6F68BF447A27E36CCB8050EB /* Pods-Flicks.release.xcconfig */ = {isa = PBXFileReference; includeInIndex = 1; lastKnownFileType = text.xcconfig; name = "Pods-Flicks.release.xcconfig"; path = "Pods/Target Support Files/Pods-Flicks/Pods-Flicks.release.xcconfig"; sourceTree = "<group>"; };
/* End PBXFileReference section */

/* Begin PBXFrameworksBuildPhase section */
		1D0E39BA1E3683FB00B8C436 /* Frameworks */ = {
			isa = PBXFrameworksBuildPhase;
			buildActionMask = 2147483647;
			files = (
				2F00A4FBEDA2CED0EFF96EA0 /* libPods-Flicks.a in Frameworks */,
			);
			runOnlyForDeploymentPostprocessing = 0;
		};
/* End PBXFrameworksBuildPhase section */

/* Begin PBXGroup section */
		1D0E39B41E3683FB00B8C436 = {
			isa = PBXGroup;
			children = (
				1D0E39BF1E3683FB00B8C436 /* Flicks */,
				1D0E39BE1E3683FB00B8C436 /* Products */,
				7FAB8BB8AC3C13384DF9C20F /* Pods */,
				6CB993E6FBADE3A270D79235 /* Frameworks */,
			);
			sourceTree = "<group>";
		};
		1D0E39BE1E3683FB00B8C436 /* Products */ = {
			isa = PBXGroup;
			children = (
				1D0E39BD1E3683FB00B8C436 /* Flicks.app */,
			);
			name = Products;
			sourceTree = "<group>";
		};
		1D0E39BF1E3683FB00B8C436 /* Flicks */ = {
			isa = PBXGroup;
			children = (
				1D0E39C31E3683FB00B8C436 /* AppDelegate.h */,
				1D0E39C41E3683FB00B8C436 /* AppDelegate.m */,
				1D0E39C61E3683FB00B8C436 /* ViewController.h */,
				1D0E39C71E3683FB00B8C436 /* ViewController.m */,
				1D0E39C91E3683FB00B8C436 /* Main.storyboard */,
				1D0E39CC1E3683FB00B8C436 /* Assets.xcassets */,
				1D0E39CE1E3683FB00B8C436 /* LaunchScreen.storyboard */,
				1D0E39D11E3683FB00B8C436 /* Info.plist */,
				1D60EF7D1E3AE886006A6C75 /* List-48.png */,
				1D60EF7E1E3AE886006A6C75 /* Grid-48.png */,
				1D0E39DA1E36978000B8C436 /* dachshund.jpg */,
				1D60EF831E3AECF9006A6C75 /* Like Filled-30.png */,
				1D60EF891E3BF5E3006A6C75 /* Like Filled-10.png */,
				1D60EF841E3AECF9006A6C75 /* Movie Projector-30.png */,
				1D0E39C01E3683FB00B8C436 /* Supporting Files */,
				1D0E39D71E3690C200B8C436 /* MovieCell.h */,
				1D0E39D81E3690C200B8C436 /* MovieCell.m */,
				1D0E39DC1E36AF1F00B8C436 /* MovieModel.h */,
				1D0E39DD1E36AF1F00B8C436 /* MovieModel.m */,
				1D60EF4C1E37FA6A006A6C75 /* DetailViewController.h */,
				1D60EF4D1E37FA6A006A6C75 /* DetailViewController.m */,
				1D60EF781E3A87DF006A6C75 /* MoviePosterCollViewCell.h */,
				1D60EF791E3A87DF006A6C75 /* MoviePosterCollViewCell.m */,
			);
			path = Flicks;
			sourceTree = "<group>";
		};
		1D0E39C01E3683FB00B8C436 /* Supporting Files */ = {
			isa = PBXGroup;
			children = (
				1D0E39C11E3683FB00B8C436 /* main.m */,
			);
			name = "Supporting Files";
			sourceTree = "<group>";
		};
		6CB993E6FBADE3A270D79235 /* Frameworks */ = {
			isa = PBXGroup;
			children = (
				4C201B3C34DE245F2E1E8003 /* libPods-Flicks.a */,
			);
			name = Frameworks;
			sourceTree = "<group>";
		};
		7FAB8BB8AC3C13384DF9C20F /* Pods */ = {
			isa = PBXGroup;
			children = (
				2452EC45B8C446DF6B98796F /* Pods-Flicks.debug.xcconfig */,
				6F68BF447A27E36CCB8050EB /* Pods-Flicks.release.xcconfig */,
			);
			name = Pods;
			sourceTree = "<group>";
		};
/* End PBXGroup section */

/* Begin PBXNativeTarget section */
		1D0E39BC1E3683FB00B8C436 /* Flicks */ = {
			isa = PBXNativeTarget;
			buildConfigurationList = 1D0E39D41E3683FB00B8C436 /* Build configuration list for PBXNativeTarget "Flicks" */;
			buildPhases = (
				00B1F3FABE3E02CB93262B30 /* [CP] Check Pods Manifest.lock */,
				1D0E39B91E3683FB00B8C436 /* Sources */,
				1D0E39BA1E3683FB00B8C436 /* Frameworks */,
				1D0E39BB1E3683FB00B8C436 /* Resources */,
				738B3EEDF0D0A0865954DA6F /* [CP] Embed Pods Frameworks */,
				B6326E3CB022DBA18D269488 /* [CP] Copy Pods Resources */,
			);
			buildRules = (
			);
			dependencies = (
			);
			name = Flicks;
			productName = Flicks;
			productReference = 1D0E39BD1E3683FB00B8C436 /* Flicks.app */;
			productType = "com.apple.product-type.application";
		};
/* End PBXNativeTarget section */

/* Begin PBXProject section */
		1D0E39B51E3683FB00B8C436 /* Project object */ = {
			isa = PBXProject;
			attributes = {
				LastUpgradeCheck = 0820;
				ORGANIZATIONNAME = " Carol Hagler";
				TargetAttributes = {
					1D0E39BC1E3683FB00B8C436 = {
						CreatedOnToolsVersion = 8.2.1;
						ProvisioningStyle = Automatic;
					};
				};
			};
			buildConfigurationList = 1D0E39B81E3683FB00B8C436 /* Build configuration list for PBXProject "Flicks" */;
			compatibilityVersion = "Xcode 3.2";
			developmentRegion = English;
			hasScannedForEncodings = 0;
			knownRegions = (
				en,
				Base,
			);
			mainGroup = 1D0E39B41E3683FB00B8C436;
			productRefGroup = 1D0E39BE1E3683FB00B8C436 /* Products */;
			projectDirPath = "";
			projectRoot = "";
			targets = (
				1D0E39BC1E3683FB00B8C436 /* Flicks */,
			);
		};
/* End PBXProject section */

/* Begin PBXResourcesBuildPhase section */
		1D0E39BB1E3683FB00B8C436 /* Resources */ = {
			isa = PBXResourcesBuildPhase;
			buildActionMask = 2147483647;
			files = (
				1D60EF851E3AECF9006A6C75 /* Like Filled-30.png in Resources */,
				1D60EF861E3AECF9006A6C75 /* Movie Projector-30.png in Resources */,
				1D0E39D01E3683FB00B8C436 /* LaunchScreen.storyboard in Resources */,
				1D60EF8A1E3BF5E3006A6C75 /* Like Filled-10.png in Resources */,
				1D0E39CD1E3683FB00B8C436 /* Assets.xcassets in Resources */,
				1D0E39DB1E36978000B8C436 /* dachshund.jpg in Resources */,
				1D60EF821E3AE886006A6C75 /* Grid-48.png in Resources */,
				1D0E39CB1E3683FB00B8C436 /* Main.storyboard in Resources */,
				1D60EF811E3AE886006A6C75 /* List-48.png in Resources */,
			);
			runOnlyForDeploymentPostprocessing = 0;
		};
/* End PBXResourcesBuildPhase section */

/* Begin PBXShellScriptBuildPhase section */
		00B1F3FABE3E02CB93262B30 /* [CP] Check Pods Manifest.lock */ = {
			isa = PBXShellScriptBuildPhase;
			buildActionMask = 2147483647;
			files = (
			);
			inputPaths = (
			);
			name = "[CP] Check Pods Manifest.lock";
			outputPaths = (
			);
			runOnlyForDeploymentPostprocessing = 0;
			shellPath = /bin/sh;
			shellScript = "diff \"${PODS_ROOT}/../Podfile.lock\" \"${PODS_ROOT}/Manifest.lock\" > /dev/null\nif [ $? != 0 ] ; then\n    # print error to STDERR\n    echo \"error: The sandbox is not in sync with the Podfile.lock. Run 'pod install' or update your CocoaPods installation.\" >&2\n    exit 1\nfi\n";
			showEnvVarsInLog = 0;
		};
		738B3EEDF0D0A0865954DA6F /* [CP] Embed Pods Frameworks */ = {
			isa = PBXShellScriptBuildPhase;
			buildActionMask = 2147483647;
			files = (
			);
			inputPaths = (
			);
			name = "[CP] Embed Pods Frameworks";
			outputPaths = (
			);
			runOnlyForDeploymentPostprocessing = 0;
			shellPath = /bin/sh;
			shellScript = "\"${SRCROOT}/Pods/Target Support Files/Pods-Flicks/Pods-Flicks-frameworks.sh\"\n";
			showEnvVarsInLog = 0;
		};
		B6326E3CB022DBA18D269488 /* [CP] Copy Pods Resources */ = {
			isa = PBXShellScriptBuildPhase;
			buildActionMask = 2147483647;
			files = (
			);
			inputPaths = (
			);
			name = "[CP] Copy Pods Resources";
			outputPaths = (
			);
			runOnlyForDeploymentPostprocessing = 0;
			shellPath = /bin/sh;
			shellScript = "\"${SRCROOT}/Pods/Target Support Files/Pods-Flicks/Pods-Flicks-resources.sh\"\n";
			showEnvVarsInLog = 0;
		};
/* End PBXShellScriptBuildPhase section */

/* Begin PBXSourcesBuildPhase section */
		1D0E39B91E3683FB00B8C436 /* Sources */ = {
			isa = PBXSourcesBuildPhase;
			buildActionMask = 2147483647;
			files = (
				1D0E39C81E3683FB00B8C436 /* ViewController.m in Sources */,
				1D0E39C51E3683FB00B8C436 /* AppDelegate.m in Sources */,
				1D60EF7A1E3A87DF006A6C75 /* MoviePosterCollViewCell.m in Sources */,
				1D0E39D91E3690C200B8C436 /* MovieCell.m in Sources */,
				1D0E39DE1E36AF1F00B8C436 /* MovieModel.m in Sources */,
				1D0E39C21E3683FB00B8C436 /* main.m in Sources */,
				1D60EF4E1E37FA6A006A6C75 /* DetailViewController.m in Sources */,
			);
			runOnlyForDeploymentPostprocessing = 0;
		};
/* End PBXSourcesBuildPhase section */

/* Begin PBXVariantGroup section */
		1D0E39C91E3683FB00B8C436 /* Main.storyboard */ = {
			isa = PBXVariantGroup;
			children = (
				1D0E39CA1E3683FB00B8C436 /* Base */,
			);
			name = Main.storyboard;
			sourceTree = "<group>";
		};
		1D0E39CE1E3683FB00B8C436 /* LaunchScreen.storyboard */ = {
			isa = PBXVariantGroup;
			children = (
				1D0E39CF1E3683FB00B8C436 /* Base */,
			);
			name = LaunchScreen.storyboard;
			sourceTree = "<group>";
		};
/* End PBXVariantGroup section */

/* Begin XCBuildConfiguration section */
		1D0E39D21E3683FB00B8C436 /* Debug */ = {
			isa = XCBuildConfiguration;
			buildSettings = {
				ALWAYS_SEARCH_USER_PATHS = NO;
				CLANG_ANALYZER_NONNULL = YES;
				CLANG_CXX_LANGUAGE_STANDARD = "gnu++0x";
				CLANG_CXX_LIBRARY = "libc++";
				CLANG_ENABLE_MODULES = YES;
				CLANG_ENABLE_OBJC_ARC = YES;
				CLANG_WARN_BOOL_CONVERSION = YES;
				CLANG_WARN_CONSTANT_CONVERSION = YES;
				CLANG_WARN_DIRECT_OBJC_ISA_USAGE = YES_ERROR;
				CLANG_WARN_DOCUMENTATION_COMMENTS = YES;
				CLANG_WARN_EMPTY_BODY = YES;
				CLANG_WARN_ENUM_CONVERSION = YES;
				CLANG_WARN_INFINITE_RECURSION = YES;
				CLANG_WARN_INT_CONVERSION = YES;
				CLANG_WARN_OBJC_ROOT_CLASS = YES_ERROR;
				CLANG_WARN_SUSPICIOUS_MOVE = YES;
				CLANG_WARN_UNREACHABLE_CODE = YES;
				CLANG_WARN__DUPLICATE_METHOD_MATCH = YES;
				"CODE_SIGN_IDENTITY[sdk=iphoneos*]" = "iPhone Developer";
				COPY_PHASE_STRIP = NO;
				DEBUG_INFORMATION_FORMAT = dwarf;
				ENABLE_STRICT_OBJC_MSGSEND = YES;
				ENABLE_TESTABILITY = YES;
				GCC_C_LANGUAGE_STANDARD = gnu99;
				GCC_DYNAMIC_NO_PIC = NO;
				GCC_NO_COMMON_BLOCKS = YES;
				GCC_OPTIMIZATION_LEVEL = 0;
				GCC_PREPROCESSOR_DEFINITIONS = (
					"DEBUG=1",
					"$(inherited)",
				);
				GCC_WARN_64_TO_32_BIT_CONVERSION = YES;
				GCC_WARN_ABOUT_RETURN_TYPE = YES_ERROR;
				GCC_WARN_UNDECLARED_SELECTOR = YES;
				GCC_WARN_UNINITIALIZED_AUTOS = YES_AGGRESSIVE;
				GCC_WARN_UNUSED_FUNCTION = YES;
				GCC_WARN_UNUSED_VARIABLE = YES;
				IPHONEOS_DEPLOYMENT_TARGET = 10.2;
				MTL_ENABLE_DEBUG_INFO = YES;
				ONLY_ACTIVE_ARCH = YES;
				SDKROOT = iphoneos;
				TARGETED_DEVICE_FAMILY = "1,2";
			};
			name = Debug;
		};
		1D0E39D31E3683FB00B8C436 /* Release */ = {
			isa = XCBuildConfiguration;
			buildSettings = {
				ALWAYS_SEARCH_USER_PATHS = NO;
				CLANG_ANALYZER_NONNULL = YES;
				CLANG_CXX_LANGUAGE_STANDARD = "gnu++0x";
				CLANG_CXX_LIBRARY = "libc++";
				CLANG_ENABLE_MODULES = YES;
				CLANG_ENABLE_OBJC_ARC = YES;
				CLANG_WARN_BOOL_CONVERSION = YES;
				CLANG_WARN_CONSTANT_CONVERSION = YES;
				CLANG_WARN_DIRECT_OBJC_ISA_USAGE = YES_ERROR;
				CLANG_WARN_DOCUMENTATION_COMMENTS = YES;
				CLANG_WARN_EMPTY_BODY = YES;
				CLANG_WARN_ENUM_CONVERSION = YES;
				CLANG_WARN_INFINITE_RECURSION = YES;
				CLANG_WARN_INT_CONVERSION = YES;
				CLANG_WARN_OBJC_ROOT_CLASS = YES_ERROR;
				CLANG_WARN_SUSPICIOUS_MOVE = YES;
				CLANG_WARN_UNREACHABLE_CODE = YES;
				CLANG_WARN__DUPLICATE_METHOD_MATCH = YES;
				"CODE_SIGN_IDENTITY[sdk=iphoneos*]" = "iPhone Developer";
				COPY_PHASE_STRIP = NO;
				DEBUG_INFORMATION_FORMAT = "dwarf-with-dsym";
				ENABLE_NS_ASSERTIONS = NO;
				ENABLE_STRICT_OBJC_MSGSEND = YES;
				GCC_C_LANGUAGE_STANDARD = gnu99;
				GCC_NO_COMMON_BLOCKS = YES;
				GCC_WARN_64_TO_32_BIT_CONVERSION = YES;
				GCC_WARN_ABOUT_RETURN_TYPE = YES_ERROR;
				GCC_WARN_UNDECLARED_SELECTOR = YES;
				GCC_WARN_UNINITIALIZED_AUTOS = YES_AGGRESSIVE;
				GCC_WARN_UNUSED_FUNCTION = YES;
				GCC_WARN_UNUSED_VARIABLE = YES;
				IPHONEOS_DEPLOYMENT_TARGET = 10.2;
				MTL_ENABLE_DEBUG_INFO = NO;
				SDKROOT = iphoneos;
				TARGETED_DEVICE_FAMILY = "1,2";
				VALIDATE_PRODUCT = YES;
			};
			name = Release;
		};
		1D0E39D51E3683FB00B8C436 /* Debug */ = {
			isa = XCBuildConfiguration;
			baseConfigurationReference = 2452EC45B8C446DF6B98796F /* Pods-Flicks.debug.xcconfig */;
			buildSettings = {
				ASSETCATALOG_COMPILER_APPICON_NAME = AppIcon;
				INFOPLIST_FILE = Flicks/Info.plist;
				LD_RUNPATH_SEARCH_PATHS = "$(inherited) @executable_path/Frameworks";
				PRODUCT_BUNDLE_IDENTIFIER = chagler.Flicks;
				PRODUCT_NAME = "$(TARGET_NAME)";
			};
			name = Debug;
		};
		1D0E39D61E3683FB00B8C436 /* Release */ = {
			isa = XCBuildConfiguration;
			baseConfigurationReference = 6F68BF447A27E36CCB8050EB /* Pods-Flicks.release.xcconfig */;
			buildSettings = {
				ASSETCATALOG_COMPILER_APPICON_NAME = AppIcon;
				INFOPLIST_FILE = Flicks/Info.plist;
				LD_RUNPATH_SEARCH_PATHS = "$(inherited) @executable_path/Frameworks";
				PRODUCT_BUNDLE_IDENTIFIER = chagler.Flicks;
				PRODUCT_NAME = "$(TARGET_NAME)";
			};
			name = Release;
		};
/* End XCBuildConfiguration section */

/* Begin XCConfigurationList section */
		1D0E39B81E3683FB00B8C436 /* Build configuration list for PBXProject "Flicks" */ = {
			isa = XCConfigurationList;
			buildConfigurations = (
				1D0E39D21E3683FB00B8C436 /* Debug */,
				1D0E39D31E3683FB00B8C436 /* Release */,
			);
			defaultConfigurationIsVisible = 0;
			defaultConfigurationName = Release;
		};
		1D0E39D41E3683FB00B8C436 /* Build configuration list for PBXNativeTarget "Flicks" */ = {
			isa = XCConfigurationList;
			buildConfigurations = (
				1D0E39D51E3683FB00B8C436 /* Debug */,
				1D0E39D61E3683FB00B8C436 /* Release */,
			);
			defaultConfigurationIsVisible = 0;
			defaultConfigurationName = Release;
		};
/* End XCConfigurationList section */
	};
	rootObject = 1D0E39B51E3683FB00B8C436 /* Project object */;
}
